<?xml version="1.0" encoding="utf-8"?>
<Project ToolsVersion="4.0" xmlns="http://schemas.microsoft.com/developer/msbuild/2003">
  <ItemGroup>
    <Filter Include="源文件">
      <UniqueIdentifier>{4FC737F1-C7A5-4376-A066-2A32D752A2FF}</UniqueIdentifier>
      <Extensions>cpp;c;cc;cxx;def;odl;idl;hpj;bat;asm;asmx</Extensions>
    </Filter>
    <Filter Include="头文件">
      <UniqueIdentifier>{93995380-89BD-4b04-88EB-625FBE52EBFB}</UniqueIdentifier>
      <Extensions>h;hh;hpp;hxx;hm;inl;inc;ipp;xsd</Extensions>
    </Filter>
    <Filter Include="资源文件">
      <UniqueIdentifier>{67DA6AB6-F800-4c08-8B7A-83BB121AAD01}</UniqueIdentifier>
      <Extensions>rc;ico;cur;bmp;dlg;rc2;rct;bin;rgs;gif;jpg;jpeg;jpe;resx;tiff;tif;png;wav;mfcribbon-ms</Extensions>
    </Filter>
    <Filter Include="Packer">
      <UniqueIdentifier>{dbbcf35c-88b1-4810-88e8-4a863504e325}</UniqueIdentifier>
    </Filter>
    <Filter Include="StubData">
      <UniqueIdentifier>{d7e4b0bb-a148-4a19-b60d-1ec1ae50601f}</UniqueIdentifier>
    </Filter>
  </ItemGroup>
  <ItemGroup>
    <ClCompile Include="main.cpp">
      <Filter>源文件</Filter>
    </ClCompile>
    <ClCompile Include="Packer.cpp">
      <Filter>Packer</Filter>
    </ClCompile>
    <ClCompile Include="CodeConfusion.cpp">
      <Filter>Packer</Filter>
    </ClCompile>
  </ItemGroup>
  <ItemGroup>
    <ClInclude Include="main.h">
      <Filter>头文件</Filter>
    </ClInclude>
    <ClInclude Include="Packer.h">
      <Filter>Packer</Filter>
    </ClInclude>
    <ClInclude Include="StubData.h">
      <Filter>StubData</Filter>
    </ClInclude>
  </ItemGroup>
</Project>